{
  "object": {
    "pins": [
      {
        "package": "Math",
        "repositoryURL": "https://github.com/dn-m/Math",
        "state": {
          "branch": null,
          "revision": "47887e0d3f0d3699a3501156314563f265e68d70",
          "version": "0.7.0"
        }
      },
      {
        "package": "Music",
        "repositoryURL": "https://github.com/dn-m/Music",
        "state": {
          "branch": "pitchspeller-dependency",
          "revision": "3f894cb65d93f3a453d287c1a18c78d312712578",
          "version": null
        }
      },
      {
        "package": "NotationModel",
        "repositoryURL": "https://github.com/dn-m/NotationModel",
        "state": {
          "branch": "pitchspeller-dependency",
          "revision": "9d70253fcaa4ccc1bfa71a31c6a4b302899f51b1",
          "version": null
        }
      },
      {
        "package": "PerformanceTesting",
        "repositoryURL": "https://github.com/dn-m/PerformanceTesting",
        "state": {
          "branch": null,
          "revision": "d48417c837b1a029dd9567dfa7b5ee3cfa9a0ec7",
          "version": "0.3.0"
        }
      },
      {
        "package": "PitchSpeller",
        "repositoryURL": "https://github.com/bwetherfield/PitchSpeller",
        "state": {
          "branch": "pitchspeller-dependency",
          "revision": "f09d6cfbb18066d8b07f6d546dee7b41522d18e6",
          "version": null
        }
      },
      {
        "package": "Structure",
        "repositoryURL": "https://github.com/dn-m/Structure",
        "state": {
          "branch": "pitchspeller-dependency",
          "revision": "1e7f08f69faa37c37b6917e710a4d39be3e0e8e7",
          "version": null
        }
      }
    ]
  },
  "version": 1
}
